
Microsoft Visual Studio Solution File, Format Version 12.00
# Visual Studio Version 16
VisualStudioVersion = 16.0.30114.105
MinimumVisualStudioVersion = 10.0.40219.1
Project("{FAE04EC0-301F-11D3-BF4B-00C04F79EFBC}") = "Test", "Test\Test.csproj", "{76060C4C-E036-447F-959B-68C13CCFC624}"
EndProject
Global
	GlobalSection(SolutionConfigurationPlatforms) = preSolution
		Debug|Any CPU = Debug|Any CPU
		Release|Any CPU = Release|Any CPU
	EndGlobalSection
	GlobalSection(ProjectConfigurationPlatforms) = postSolution
		{76060C4C-E036-447F-959B-68C13CCFC624}.Debug|Any CPU.ActiveCfg = Debug|Any CPU
		{76060C4C-E036-447F-959B-68C13CCFC624}.Debug|Any CPU.Build.0 = Debug|Any CPU
		{76060C4C-E036-447F-959B-68C13CCFC624}.Release|Any CPU.ActiveCfg = Release|Any CPU
		{76060C4C-E036-447F-959B-68C13CCFC624}.Release|Any CPU.Build.0 = Release|Any CPU
	EndGlobalSection
	GlobalSection(SolutionProperties) = preSolution
		HideSolutionNode = FALSE
	EndGlobalSection
	GlobalSection(ExtensibilityGlobals) = postSolution
		SolutionGuid = {A767449A-D2AB-469C-A6AC-EAFD61D1D0EC}
	EndGlobalSection
EndGlobal
